
Microsoft Visual Studio Solution File, Format Version 12.00
# Visual Studio Version 17
VisualStudioVersion = 17.5.33530.505
MinimumVisualStudioVersion = 10.0.40219.1
Project("{8BC9CEB8-8B4A-11D0-8D11-00A0C91BC942}") = "Task4", "Task4\Task4.vcxproj", "{F0CF222D-E7A1-4319-A28E-B061099E19EB}"
EndProject
Global
	GlobalSection(SolutionConfigurationPlatforms) = preSolution
		Debug|x64 = Debug|x64
		Debug|x86 = Debug|x86
		Release|x64 = Release|x64
		Release|x86 = Release|x86
	EndGlobalSection
	GlobalSection(ProjectConfigurationPlatforms) = postSolution
		{F0CF222D-E7A1-4319-A28E-B061099E19EB}.Debug|x64.ActiveCfg = Debug|x64
		{F0CF222D-E7A1-4319-A28E-B061099E19EB}.Debug|x64.Build.0 = Debug|x64
		{F0CF222D-E7A1-4319-A28E-B061099E19EB}.Debug|x86.ActiveCfg = Debug|Win32
		{F0CF222D-E7A1-4319-A28E-B061099E19EB}.Debug|x86.Build.0 = Debug|Win32
		{F0CF222D-E7A1-4319-A28E-B061099E19EB}.Release|x64.ActiveCfg = Release|x64
		{F0CF222D-E7A1-4319-A28E-B061099E19EB}.Release|x64.Build.0 = Release|x64
		{F0CF222D-E7A1-4319-A28E-B061099E19EB}.Release|x86.ActiveCfg = Release|Win32
		{F0CF222D-E7A1-4319-A28E-B061099E19EB}.Release|x86.Build.0 = Release|Win32
	EndGlobalSection
	GlobalSection(SolutionProperties) = preSolution
		HideSolutionNode = FALSE
	EndGlobalSection
	GlobalSection(ExtensibilityGlobals) = postSolution
		SolutionGuid = {E80A4994-AC07-4C0F-B745-EBD4E1E58CCB}
	EndGlobalSection
EndGlobal
